// !$*UTF8*$!
{
	archiveVersion = 1;
	classes = {
	};
	objectVersion = 46;
	objects = {

/* Begin PBXBuildFile section */
		3A9F76591E988218007CF758 /* AppDelegate.swift in Sources */ = {isa = PBXBuildFile; fileRef = 3A9F76581E988218007CF758 /* AppDelegate.swift */; };
		3A9F765B1E988218007CF758 /* ViewController.swift in Sources */ = {isa = PBXBuildFile; fileRef = 3A9F765A1E988218007CF758 /* ViewController.swift */; };
		3A9F765E1E988218007CF758 /* Main.storyboard in Resources */ = {isa = PBXBuildFile; fileRef = 3A9F765C1E988218007CF758 /* Main.storyboard */; };
		3A9F76611E988218007CF758 /* ptBac2.xcdatamodeld in Sources */ = {isa = PBXBuildFile; fileRef = 3A9F765F1E988218007CF758 /* ptBac2.xcdatamodeld */; };
		3A9F76631E988218007CF758 /* Assets.xcassets in Resources */ = {isa = PBXBuildFile; fileRef = 3A9F76621E988218007CF758 /* Assets.xcassets */; };
		3A9F76661E988218007CF758 /* LaunchScreen.storyboard in Resources */ = {isa = PBXBuildFile; fileRef = 3A9F76641E988218007CF758 /* LaunchScreen.storyboard */; };
		3A9F76711E988218007CF758 /* ptBac2Tests.swift in Sources */ = {isa = PBXBuildFile; fileRef = 3A9F76701E988218007CF758 /* ptBac2Tests.swift */; };
		3A9F767C1E988218007CF758 /* ptBac2UITests.swift in Sources */ = {isa = PBXBuildFile; fileRef = 3A9F767B1E988218007CF758 /* ptBac2UITests.swift */; };
/* End PBXBuildFile section */

/* Begin PBXContainerItemProxy section */
		3A9F766D1E988218007CF758 /* PBXContainerItemProxy */ = {
			isa = PBXContainerItemProxy;
			containerPortal = 3A9F764D1E988218007CF758 /* Project object */;
			proxyType = 1;
			remoteGlobalIDString = 3A9F76541E988218007CF758;
			remoteInfo = ptBac2;
		};
		3A9F76781E988218007CF758 /* PBXContainerItemProxy */ = {
			isa = PBXContainerItemProxy;
			containerPortal = 3A9F764D1E988218007CF758 /* Project object */;
			proxyType = 1;
			remoteGlobalIDString = 3A9F76541E988218007CF758;
			remoteInfo = ptBac2;
		};
/* End PBXContainerItemProxy section */

/* Begin PBXFileReference section */
		3A9F76551E988218007CF758 /* ptBac2.app */ = {isa = PBXFileReference; explicitFileType = wrapper.application; includeInIndex = 0; path = ptBac2.app; sourceTree = BUILT_PRODUCTS_DIR; };
		3A9F76581E988218007CF758 /* AppDelegate.swift */ = {isa = PBXFileReference; lastKnownFileType = sourcecode.swift; path = AppDelegate.swift; sourceTree = "<group>"; };
		3A9F765A1E988218007CF758 /* ViewController.swift */ = {isa = PBXFileReference; lastKnownFileType = sourcecode.swift; path = ViewController.swift; sourceTree = "<group>"; };
		3A9F765D1E988218007CF758 /* Base */ = {isa = PBXFileReference; lastKnownFileType = file.storyboard; name = Base; path = Base.lproj/Main.storyboard; sourceTree = "<group>"; };
		3A9F76601E988218007CF758 /* ptBac2.xcdatamodel */ = {isa = PBXFileReference; lastKnownFileType = wrapper.xcdatamodel; path = ptBac2.xcdatamodel; sourceTree = "<group>"; };
		3A9F76621E988218007CF758 /* Assets.xcassets */ = {isa = PBXFileReference; lastKnownFileType = folder.assetcatalog; path = Assets.xcassets; sourceTree = "<group>"; };
		3A9F76651E988218007CF758 /* Base */ = {isa = PBXFileReference; lastKnownFileType = file.storyboard; name = Base; path = Base.lproj/LaunchScreen.storyboard; sourceTree = "<group>"; };
		3A9F76671E988218007CF758 /* Info.plist */ = {isa = PBXFileReference; lastKnownFileType = text.plist.xml; path = Info.plist; sourceTree = "<group>"; };
		3A9F766C1E988218007CF758 /* ptBac2Tests.xctest */ = {isa = PBXFileReference; explicitFileType = wrapper.cfbundle; includeInIndex = 0; path = ptBac2Tests.xctest; sourceTree = BUILT_PRODUCTS_DIR; };
		3A9F76701E988218007CF758 /* ptBac2Tests.swift */ = {isa = PBXFileReference; lastKnownFileType = sourcecode.swift; path = ptBac2Tests.swift; sourceTree = "<group>"; };
		3A9F76721E988218007CF758 /* Info.plist */ = {isa = PBXFileReference; lastKnownFileType = text.plist.xml; path = Info.plist; sourceTree = "<group>"; };
		3A9F76771E988218007CF758 /* ptBac2UITests.xctest */ = {isa = PBXFileReference; explicitFileType = wrapper.cfbundle; includeInIndex = 0; path = ptBac2UITests.xctest; sourceTree = BUILT_PRODUCTS_DIR; };
		3A9F767B1E988218007CF758 /* ptBac2UITests.swift */ = {isa = PBXFileReference; lastKnownFileType = sourcecode.swift; path = ptBac2UITests.swift; sourceTree = "<group>"; };
		3A9F767D1E988218007CF758 /* Info.plist */ = {isa = PBXFileReference; lastKnownFileType = text.plist.xml; path = Info.plist; sourceTree = "<group>"; };
/* End PBXFileReference section */

/* Begin PBXFrameworksBuildPhase section */
		3A9F76521E988218007CF758 /* Frameworks */ = {
			isa = PBXFrameworksBuildPhase;
			buildActionMask = 2147483647;
			files = (
			);
			runOnlyForDeploymentPostprocessing = 0;
		};
		3A9F76691E988218007CF758 /* Frameworks */ = {
			isa = PBXFrameworksBuildPhase;
			buildActionMask = 2147483647;
			files = (
			);
			runOnlyForDeploymentPostprocessing = 0;
		};
		3A9F76741E988218007CF758 /* Frameworks */ = {
			isa = PBXFrameworksBuildPhase;
			buildActionMask = 2147483647;
			files = (
			);
			runOnlyForDeploymentPostprocessing = 0;
		};
/* End PBXFrameworksBuildPhase section */

/* Begin PBXGroup section */
		3A9F764C1E988218007CF758 = {
			isa = PBXGroup;
			children = (
				3A9F76571E988218007CF758 /* ptBac2 */,
				3A9F766F1E988218007CF758 /* ptBac2Tests */,
				3A9F767A1E988218007CF758 /* ptBac2UITests */,
				3A9F76561E988218007CF758 /* Products */,
			);
			sourceTree = "<group>";
		};
		3A9F76561E988218007CF758 /* Products */ = {
			isa = PBXGroup;
			children = (
				3A9F76551E988218007CF758 /* ptBac2.app */,
				3A9F766C1E988218007CF758 /* ptBac2Tests.xctest */,
				3A9F76771E988218007CF758 /* ptBac2UITests.xctest */,
			);
			name = Products;
			sourceTree = "<group>";
		};
		3A9F76571E988218007CF758 /* ptBac2 */ = {
			isa = PBXGroup;
			children = (
				3A9F76581E988218007CF758 /* AppDelegate.swift */,
				3A9F765A1E988218007CF758 /* ViewController.swift */,
				3A9F765C1E988218007CF758 /* Main.storyboard */,
				3A9F76621E988218007CF758 /* Assets.xcassets */,
				3A9F76641E988218007CF758 /* LaunchScreen.storyboard */,
				3A9F76671E988218007CF758 /* Info.plist */,
				3A9F765F1E988218007CF758 /* ptBac2.xcdatamodeld */,
			);
			path = ptBac2;
			sourceTree = "<group>";
		};
		3A9F766F1E988218007CF758 /* ptBac2Tests */ = {
			isa = PBXGroup;
			children = (
				3A9F76701E988218007CF758 /* ptBac2Tests.swift */,
				3A9F76721E988218007CF758 /* Info.plist */,
			);
			path = ptBac2Tests;
			sourceTree = "<group>";
		};
		3A9F767A1E988218007CF758 /* ptBac2UITests */ = {
			isa = PBXGroup;
			children = (
				3A9F767B1E988218007CF758 /* ptBac2UITests.swift */,
				3A9F767D1E988218007CF758 /* Info.plist */,
			);
			path = ptBac2UITests;
			sourceTree = "<group>";
		};
/* End PBXGroup section */

/* Begin PBXNativeTarget section */
		3A9F76541E988218007CF758 /* ptBac2 */ = {
			isa = PBXNativeTarget;
			buildConfigurationList = 3A9F76801E988218007CF758 /* Build configuration list for PBXNativeTarget "ptBac2" */;
			buildPhases = (
				3A9F76511E988218007CF758 /* Sources */,
				3A9F76521E988218007CF758 /* Frameworks */,
				3A9F76531E988218007CF758 /* Resources */,
			);
			buildRules = (
			);
			dependencies = (
			);
			name = ptBac2;
			productName = ptBac2;
			productReference = 3A9F76551E988218007CF758 /* ptBac2.app */;
			productType = "com.apple.product-type.application";
		};
		3A9F766B1E988218007CF758 /* ptBac2Tests */ = {
			isa = PBXNativeTarget;
			buildConfigurationList = 3A9F76831E988218007CF758 /* Build configuration list for PBXNativeTarget "ptBac2Tests" */;
			buildPhases = (
				3A9F76681E988218007CF758 /* Sources */,
				3A9F76691E988218007CF758 /* Frameworks */,
				3A9F766A1E988218007CF758 /* Resources */,
			);
			buildRules = (
			);
			dependencies = (
				3A9F766E1E988218007CF758 /* PBXTargetDependency */,
			);
			name = ptBac2Tests;
			productName = ptBac2Tests;
			productReference = 3A9F766C1E988218007CF758 /* ptBac2Tests.xctest */;
			productType = "com.apple.product-type.bundle.unit-test";
		};
		3A9F76761E988218007CF758 /* ptBac2UITests */ = {
			isa = PBXNativeTarget;
			buildConfigurationList = 3A9F76861E988218007CF758 /* Build configuration list for PBXNativeTarget "ptBac2UITests" */;
			buildPhases = (
				3A9F76731E988218007CF758 /* Sources */,
				3A9F76741E988218007CF758 /* Frameworks */,
				3A9F76751E988218007CF758 /* Resources */,
			);
			buildRules = (
			);
			dependencies = (
				3A9F76791E988218007CF758 /* PBXTargetDependency */,
			);
			name = ptBac2UITests;
			productName = ptBac2UITests;
			productReference = 3A9F76771E988218007CF758 /* ptBac2UITests.xctest */;
			productType = "com.apple.product-type.bundle.ui-testing";
		};
/* End PBXNativeTarget section */

/* Begin PBXProject section */
		3A9F764D1E988218007CF758 /* Project object */ = {
			isa = PBXProject;
			attributes = {
				LastSwiftUpdateCheck = 0830;
				LastUpgradeCheck = 0830;
				ORGANIZATIONNAME = admin25;
				TargetAttributes = {
					3A9F76541E988218007CF758 = {
						CreatedOnToolsVersion = 8.3;
						ProvisioningStyle = Automatic;
					};
					3A9F766B1E988218007CF758 = {
						CreatedOnToolsVersion = 8.3;
						ProvisioningStyle = Automatic;
						TestTargetID = 3A9F76541E988218007CF758;
					};
					3A9F76761E988218007CF758 = {
						CreatedOnToolsVersion = 8.3;
						ProvisioningStyle = Automatic;
						TestTargetID = 3A9F76541E988218007CF758;
					};
				};
			};
			buildConfigurationList = 3A9F76501E988218007CF758 /* Build configuration list for PBXProject "ptBac2" */;
			compatibilityVersion = "Xcode 3.2";
			developmentRegion = English;
			hasScannedForEncodings = 0;
			knownRegions = (
				en,
				Base,
			);
			mainGroup = 3A9F764C1E988218007CF758;
			productRefGroup = 3A9F76561E988218007CF758 /* Products */;
			projectDirPath = "";
			projectRoot = "";
			targets = (
				3A9F76541E988218007CF758 /* ptBac2 */,
				3A9F766B1E988218007CF758 /* ptBac2Tests */,
				3A9F76761E988218007CF758 /* ptBac2UITests */,
			);
		};
/* End PBXProject section */

/* Begin PBXResourcesBuildPhase section */
		3A9F76531E988218007CF758 /* Resources */ = {
			isa = PBXResourcesBuildPhase;
			buildActionMask = 2147483647;
			files = (
				3A9F76661E988218007CF758 /* LaunchScreen.storyboard in Resources */,
				3A9F76631E988218007CF758 /* Assets.xcassets in Resources */,
				3A9F765E1E988218007CF758 /* Main.storyboard in Resources */,
			);
			runOnlyForDeploymentPostprocessing = 0;
		};
		3A9F766A1E988218007CF758 /* Resources */ = {
			isa = PBXResourcesBuildPhase;
			buildActionMask = 2147483647;
			files = (
			);
			runOnlyForDeploymentPostprocessing = 0;
		};
		3A9F76751E988218007CF758 /* Resources */ = {
			isa = PBXResourcesBuildPhase;
			buildActionMask = 2147483647;
			files = (
			);
			runOnlyForDeploymentPostprocessing = 0;
		};
/* End PBXResourcesBuildPhase section */

/* Begin PBXSourcesBuildPhase section */
		3A9F76511E988218007CF758 /* Sources */ = {
			isa = PBXSourcesBuildPhase;
			buildActionMask = 2147483647;
			files = (
				3A9F76611E988218007CF758 /* ptBac2.xcdatamodeld in Sources */,
				3A9F765B1E988218007CF758 /* ViewController.swift in Sources */,
				3A9F76591E988218007CF758 /* AppDelegate.swift in Sources */,
			);
			runOnlyForDeploymentPostprocessing = 0;
		};
		3A9F76681E988218007CF758 /* Sources */ = {
			isa = PBXSourcesBuildPhase;
			buildActionMask = 2147483647;
			files = (
				3A9F76711E988218007CF758 /* ptBac2Tests.swift in Sources */,
			);
			runOnlyForDeploymentPostprocessing = 0;
		};
		3A9F76731E988218007CF758 /* Sources */ = {
			isa = PBXSourcesBuildPhase;
			buildActionMask = 2147483647;
			files = (
				3A9F767C1E988218007CF758 /* ptBac2UITests.swift in Sources */,
			);
			runOnlyForDeploymentPostprocessing = 0;
		};
/* End PBXSourcesBuildPhase section */

/* Begin PBXTargetDependency section */
		3A9F766E1E988218007CF758 /* PBXTargetDependency */ = {
			isa = PBXTargetDependency;
			target = 3A9F76541E988218007CF758 /* ptBac2 */;
			targetProxy = 3A9F766D1E988218007CF758 /* PBXContainerItemProxy */;
		};
		3A9F76791E988218007CF758 /* PBXTargetDependency */ = {
			isa = PBXTargetDependency;
			target = 3A9F76541E988218007CF758 /* ptBac2 */;
			targetProxy = 3A9F76781E988218007CF758 /* PBXContainerItemProxy */;
		};
/* End PBXTargetDependency section */

/* Begin PBXVariantGroup section */
		3A9F765C1E988218007CF758 /* Main.storyboard */ = {
			isa = PBXVariantGroup;
			children = (
				3A9F765D1E988218007CF758 /* Base */,
			);
			name = Main.storyboard;
			sourceTree = "<group>";
		};
		3A9F76641E988218007CF758 /* LaunchScreen.storyboard */ = {
			isa = PBXVariantGroup;
			children = (
				3A9F76651E988218007CF758 /* Base */,
			);
			name = LaunchScreen.storyboard;
			sourceTree = "<group>";
		};
/* End PBXVariantGroup section */

/* Begin XCBuildConfiguration section */
		3A9F767E1E988218007CF758 /* Debug */ = {
			isa = XCBuildConfiguration;
			buildSettings = {
				ALWAYS_SEARCH_USER_PATHS = NO;
				CLANG_ANALYZER_NONNULL = YES;
				CLANG_ANALYZER_NUMBER_OBJECT_CONVERSION = YES_AGGRESSIVE;
				CLANG_CXX_LANGUAGE_STANDARD = "gnu++0x";
				CLANG_CXX_LIBRARY = "libc++";
				CLANG_ENABLE_MODULES = YES;
				CLANG_ENABLE_OBJC_ARC = YES;
				CLANG_WARN_BOOL_CONVERSION = YES;
				CLANG_WARN_CONSTANT_CONVERSION = YES;
				CLANG_WARN_DIRECT_OBJC_ISA_USAGE = YES_ERROR;
				CLANG_WARN_DOCUMENTATION_COMMENTS = YES;
				CLANG_WARN_EMPTY_BODY = YES;
				CLANG_WARN_ENUM_CONVERSION = YES;
				CLANG_WARN_INFINITE_RECURSION = YES;
				CLANG_WARN_INT_CONVERSION = YES;
				CLANG_WARN_OBJC_ROOT_CLASS = YES_ERROR;
				CLANG_WARN_SUSPICIOUS_MOVE = YES;
				CLANG_WARN_UNREACHABLE_CODE = YES;
				CLANG_WARN__DUPLICATE_METHOD_MATCH = YES;
				"CODE_SIGN_IDENTITY[sdk=iphoneos*]" = "iPhone Developer";
				COPY_PHASE_STRIP = NO;
				DEBUG_INFORMATION_FORMAT = dwarf;
				ENABLE_STRICT_OBJC_MSGSEND = YES;
				ENABLE_TESTABILITY = YES;
				GCC_C_LANGUAGE_STANDARD = gnu99;
				GCC_DYNAMIC_NO_PIC = NO;
				GCC_NO_COMMON_BLOCKS = YES;
				GCC_OPTIMIZATION_LEVEL = 0;
				GCC_PREPROCESSOR_DEFINITIONS = (
					"DEBUG=1",
					"$(inherited)",
				);
				GCC_WARN_64_TO_32_BIT_CONVERSION = YES;
				GCC_WARN_ABOUT_RETURN_TYPE = YES_ERROR;
				GCC_WARN_UNDECLARED_SELECTOR = YES;
				GCC_WARN_UNINITIALIZED_AUTOS = YES_AGGRESSIVE;
				GCC_WARN_UNUSED_FUNCTION = YES;
				GCC_WARN_UNUSED_VARIABLE = YES;
				IPHONEOS_DEPLOYMENT_TARGET = 10.3;
				MTL_ENABLE_DEBUG_INFO = YES;
				ONLY_ACTIVE_ARCH = YES;
				SDKROOT = iphoneos;
				SWIFT_ACTIVE_COMPILATION_CONDITIONS = DEBUG;
				SWIFT_OPTIMIZATION_LEVEL = "-Onone";
				TARGETED_DEVICE_FAMILY = "1,2";
			};
			name = Debug;
		};
		3A9F767F1E988218007CF758 /* Release */ = {
			isa = XCBuildConfiguration;
			buildSettings = {
				ALWAYS_SEARCH_USER_PATHS = NO;
				CLANG_ANALYZER_NONNULL = YES;
				CLANG_ANALYZER_NUMBER_OBJECT_CONVERSION = YES_AGGRESSIVE;
				CLANG_CXX_LANGUAGE_STANDARD = "gnu++0x";
				CLANG_CXX_LIBRARY = "libc++";
				CLANG_ENABLE_MODULES = YES;
				CLANG_ENABLE_OBJC_ARC = YES;
				CLANG_WARN_BOOL_CONVERSION = YES;
				CLANG_WARN_CONSTANT_CONVERSION = YES;
				CLANG_WARN_DIRECT_OBJC_ISA_USAGE = YES_ERROR;
				CLANG_WARN_DOCUMENTATION_COMMENTS = YES;
				CLANG_WARN_EMPTY_BODY = YES;
				CLANG_WARN_ENUM_CONVERSION = YES;
				CLANG_WARN_INFINITE_RECURSION = YES;
				CLANG_WARN_INT_CONVERSION = YES;
				CLANG_WARN_OBJC_ROOT_CLASS = YES_ERROR;
				CLANG_WARN_SUSPICIOUS_MOVE = YES;
				CLANG_WARN_UNREACHABLE_CODE = YES;
				CLANG_WARN__DUPLICATE_METHOD_MATCH = YES;
				"CODE_SIGN_IDENTITY[sdk=iphoneos*]" = "iPhone Developer";
				COPY_PHASE_STRIP = NO;
				DEBUG_INFORMATION_FORMAT = "dwarf-with-dsym";
				ENABLE_NS_ASSERTIONS = NO;
				ENABLE_STRICT_OBJC_MSGSEND = YES;
				GCC_C_LANGUAGE_STANDARD = gnu99;
				GCC_NO_COMMON_BLOCKS = YES;
				GCC_WARN_64_TO_32_BIT_CONVERSION = YES;
				GCC_WARN_ABOUT_RETURN_TYPE = YES_ERROR;
				GCC_WARN_UNDECLARED_SELECTOR = YES;
				GCC_WARN_UNINITIALIZED_AUTOS = YES_AGGRESSIVE;
				GCC_WARN_UNUSED_FUNCTION = YES;
				GCC_WARN_UNUSED_VARIABLE = YES;
				IPHONEOS_DEPLOYMENT_TARGET = 10.3;
				MTL_ENABLE_DEBUG_INFO = NO;
				SDKROOT = iphoneos;
				SWIFT_OPTIMIZATION_LEVEL = "-Owholemodule";
				TARGETED_DEVICE_FAMILY = "1,2";
				VALIDATE_PRODUCT = YES;
			};
			name = Release;
		};
		3A9F76811E988218007CF758 /* Debug */ = {
			isa = XCBuildConfiguration;
			buildSettings = {
				ASSETCATALOG_COMPILER_APPICON_NAME = AppIcon;
				INFOPLIST_FILE = ptBac2/Info.plist;
				LD_RUNPATH_SEARCH_PATHS = "$(inherited) @executable_path/Frameworks";
				PRODUCT_BUNDLE_IDENTIFIER = spkt.ptBac2;
				PRODUCT_NAME = "$(TARGET_NAME)";
				SWIFT_VERSION = 3.0;
			};
			name = Debug;
		};
		3A9F76821E988218007CF758 /* Release */ = {
			isa = XCBuildConfiguration;
			buildSettings = {
				ASSETCATALOG_COMPILER_APPICON_NAME = AppIcon;
				INFOPLIST_FILE = ptBac2/Info.plist;
				LD_RUNPATH_SEARCH_PATHS = "$(inherited) @executable_path/Frameworks";
				PRODUCT_BUNDLE_IDENTIFIER = spkt.ptBac2;
				PRODUCT_NAME = "$(TARGET_NAME)";
				SWIFT_VERSION = 3.0;
			};
			name = Release;
		};
		3A9F76841E988218007CF758 /* Debug */ = {
			isa = XCBuildConfiguration;
			buildSettings = {
				ALWAYS_EMBED_SWIFT_STANDARD_LIBRARIES = YES;
				BUNDLE_LOADER = "$(TEST_HOST)";
				INFOPLIST_FILE = ptBac2Tests/Info.plist;
				LD_RUNPATH_SEARCH_PATHS = "$(inherited) @executable_path/Frameworks @loader_path/Frameworks";
				PRODUCT_BUNDLE_IDENTIFIER = spkt.ptBac2Tests;
				PRODUCT_NAME = "$(TARGET_NAME)";
				SWIFT_VERSION = 3.0;
				TEST_HOST = "$(BUILT_PRODUCTS_DIR)/ptBac2.app/ptBac2";
			};
			name = Debug;
		};
		3A9F76851E988218007CF758 /* Release */ = {
			isa = XCBuildConfiguration;
			buildSettings = {
				ALWAYS_EMBED_SWIFT_STANDARD_LIBRARIES = YES;
				BUNDLE_LOADER = "$(TEST_HOST)";
				INFOPLIST_FILE = ptBac2Tests/Info.plist;
				LD_RUNPATH_SEARCH_PATHS = "$(inherited) @executable_path/Frameworks @loader_path/Frameworks";
				PRODUCT_BUNDLE_IDENTIFIER = spkt.ptBac2Tests;
				PRODUCT_NAME = "$(TARGET_NAME)";
				SWIFT_VERSION = 3.0;
				TEST_HOST = "$(BUILT_PRODUCTS_DIR)/ptBac2.app/ptBac2";
			};
			name = Release;
		};
		3A9F76871E988218007CF758 /* Debug */ = {
			isa = XCBuildConfiguration;
			buildSettings = {
				ALWAYS_EMBED_SWIFT_STANDARD_LIBRARIES = YES;
				INFOPLIST_FILE = ptBac2UITests/Info.plist;
				LD_RUNPATH_SEARCH_PATHS = "$(inherited) @executable_path/Frameworks @loader_path/Frameworks";
				PRODUCT_BUNDLE_IDENTIFIER = spkt.ptBac2UITests;
				PRODUCT_NAME = "$(TARGET_NAME)";
				SWIFT_VERSION = 3.0;
				TEST_TARGET_NAME = ptBac2;
			};
			name = Debug;
		};
		3A9F76881E988218007CF758 /* Release */ = {
			isa = XCBuildConfiguration;
			buildSettings = {
				ALWAYS_EMBED_SWIFT_STANDARD_LIBRARIES = YES;
				INFOPLIST_FILE = ptBac2UITests/Info.plist;
				LD_RUNPATH_SEARCH_PATHS = "$(inherited) @executable_path/Frameworks @loader_path/Frameworks";
				PRODUCT_BUNDLE_IDENTIFIER = spkt.ptBac2UITests;
				PRODUCT_NAME = "$(TARGET_NAME)";
				SWIFT_VERSION = 3.0;
				TEST_TARGET_NAME = ptBac2;
			};
			name = Release;
		};
/* End XCBuildConfiguration section */

/* Begin XCConfigurationList section */
		3A9F76501E988218007CF758 /* Build configuration list for PBXProject "ptBac2" */ = {
			isa = XCConfigurationList;
			buildConfigurations = (
				3A9F767E1E988218007CF758 /* Debug */,
				3A9F767F1E988218007CF758 /* Release */,
			);
			defaultConfigurationIsVisible = 0;
			defaultConfigurationName = Release;
		};
		3A9F76801E988218007CF758 /* Build configuration list for PBXNativeTarget "ptBac2" */ = {
			isa = XCConfigurationList;
			buildConfigurations = (
				3A9F76811E988218007CF758 /* Debug */,
				3A9F76821E988218007CF758 /* Release */,
			);
			defaultConfigurationIsVisible = 0;
		};
		3A9F76831E988218007CF758 /* Build configuration list for PBXNativeTarget "ptBac2Tests" */ = {
			isa = XCConfigurationList;
			buildConfigurations = (
				3A9F76841E988218007CF758 /* Debug */,
				3A9F76851E988218007CF758 /* Release */,
			);
			defaultConfigurationIsVisible = 0;
		};
		3A9F76861E988218007CF758 /* Build configuration list for PBXNativeTarget "ptBac2UITests" */ = {
			isa = XCConfigurationList;
			buildConfigurations = (
				3A9F76871E988218007CF758 /* Debug */,
				3A9F76881E988218007CF758 /* Release */,
			);
			defaultConfigurationIsVisible = 0;
		};
/* End XCConfigurationList section */

/* Begin XCVersionGroup section */
		3A9F765F1E988218007CF758 /* ptBac2.xcdatamodeld */ = {
			isa = XCVersionGroup;
			children = (
				3A9F76601E988218007CF758 /* ptBac2.xcdatamodel */,
			);
			currentVersion = 3A9F76601E988218007CF758 /* ptBac2.xcdatamodel */;
			path = ptBac2.xcdatamodeld;
			sourceTree = "<group>";
			versionGroupType = wrapper.xcdatamodel;
		};
/* End XCVersionGroup section */
	};
	rootObject = 3A9F764D1E988218007CF758 /* Project object */;
}
